// !$*UTF8*$!
{
	archiveVersion = 1;
	classes = {
	};
	objectVersion = 46;
	objects = {

/* Begin PBXBuildFile section */
		A7DC142C1CCD6ADA00FF273B /* AppDelegate.swift in Sources */ = {isa = PBXBuildFile; fileRef = A7DC142B1CCD6ADA00FF273B /* AppDelegate.swift */; };
		A7DC142E1CCD6ADA00FF273B /* ViewController.swift in Sources */ = {isa = PBXBuildFile; fileRef = A7DC142D1CCD6ADA00FF273B /* ViewController.swift */; };
		A7DC14311CCD6ADA00FF273B /* Main.storyboard in Resources */ = {isa = PBXBuildFile; fileRef = A7DC142F1CCD6ADA00FF273B /* Main.storyboard */; };
		A7DC14331CCD6ADA00FF273B /* Assets.xcassets in Resources */ = {isa = PBXBuildFile; fileRef = A7DC14321CCD6ADA00FF273B /* Assets.xcassets */; };
		A7DC14361CCD6ADA00FF273B /* LaunchScreen.storyboard in Resources */ = {isa = PBXBuildFile; fileRef = A7DC14341CCD6ADA00FF273B /* LaunchScreen.storyboard */; };
/* End PBXBuildFile section */

/* Begin PBXFileReference section */
		A7DC14281CCD6ADA00FF273B /* OpenLibrarySearch.app */ = {isa = PBXFileReference; explicitFileType = wrapper.application; includeInIndex = 0; path = OpenLibrarySearch.app; sourceTree = BUILT_PRODUCTS_DIR; };
		A7DC142B1CCD6ADA00FF273B /* AppDelegate.swift */ = {isa = PBXFileReference; lastKnownFileType = sourcecode.swift; path = AppDelegate.swift; sourceTree = "<group>"; };
		A7DC142D1CCD6ADA00FF273B /* ViewController.swift */ = {isa = PBXFileReference; lastKnownFileType = sourcecode.swift; path = ViewController.swift; sourceTree = "<group>"; };
		A7DC14301CCD6ADA00FF273B /* Base */ = {isa = PBXFileReference; lastKnownFileType = file.storyboard; name = Base; path = Base.lproj/Main.storyboard; sourceTree = "<group>"; };
		A7DC14321CCD6ADA00FF273B /* Assets.xcassets */ = {isa = PBXFileReference; lastKnownFileType = folder.assetcatalog; path = Assets.xcassets; sourceTree = "<group>"; };
		A7DC14351CCD6ADA00FF273B /* Base */ = {isa = PBXFileReference; lastKnownFileType = file.storyboard; name = Base; path = Base.lproj/LaunchScreen.storyboard; sourceTree = "<group>"; };
		A7DC14371CCD6ADA00FF273B /* Info.plist */ = {isa = PBXFileReference; lastKnownFileType = text.plist.xml; path = Info.plist; sourceTree = "<group>"; };
/* End PBXFileReference section */

/* Begin PBXFrameworksBuildPhase section */
		A7DC14251CCD6ADA00FF273B /* Frameworks */ = {
			isa = PBXFrameworksBuildPhase;
			buildActionMask = 2147483647;
			files = (
			);
			runOnlyForDeploymentPostprocessing = 0;
		};
/* End PBXFrameworksBuildPhase section */

/* Begin PBXGroup section */
		A7DC141F1CCD6ADA00FF273B = {
			isa = PBXGroup;
			children = (
				A7DC142A1CCD6ADA00FF273B /* OpenLibrarySearch */,
				A7DC14291CCD6ADA00FF273B /* Products */,
			);
			sourceTree = "<group>";
		};
		A7DC14291CCD6ADA00FF273B /* Products */ = {
			isa = PBXGroup;
			children = (
				A7DC14281CCD6ADA00FF273B /* OpenLibrarySearch.app */,
			);
			name = Products;
			sourceTree = "<group>";
		};
		A7DC142A1CCD6ADA00FF273B /* OpenLibrarySearch */ = {
			isa = PBXGroup;
			children = (
				A7DC142B1CCD6ADA00FF273B /* AppDelegate.swift */,
				A7DC142D1CCD6ADA00FF273B /* ViewController.swift */,
				A7DC142F1CCD6ADA00FF273B /* Main.storyboard */,
				A7DC14321CCD6ADA00FF273B /* Assets.xcassets */,
				A7DC14341CCD6ADA00FF273B /* LaunchScreen.storyboard */,
				A7DC14371CCD6ADA00FF273B /* Info.plist */,
			);
			path = OpenLibrarySearch;
			sourceTree = "<group>";
		};
/* End PBXGroup section */

/* Begin PBXNativeTarget section */
		A7DC14271CCD6ADA00FF273B /* OpenLibrarySearch */ = {
			isa = PBXNativeTarget;
			buildConfigurationList = A7DC143A1CCD6ADA00FF273B /* Build configuration list for PBXNativeTarget "OpenLibrarySearch" */;
			buildPhases = (
				A7DC14241CCD6ADA00FF273B /* Sources */,
				A7DC14251CCD6ADA00FF273B /* Frameworks */,
				A7DC14261CCD6ADA00FF273B /* Resources */,
			);
			buildRules = (
			);
			dependencies = (
			);
			name = OpenLibrarySearch;
			productName = OpenLibrarySearch;
			productReference = A7DC14281CCD6ADA00FF273B /* OpenLibrarySearch.app */;
			productType = "com.apple.product-type.application";
		};
/* End PBXNativeTarget section */

/* Begin PBXProject section */
		A7DC14201CCD6ADA00FF273B /* Project object */ = {
			isa = PBXProject;
			attributes = {
				LastSwiftUpdateCheck = 0730;
				LastUpgradeCheck = 0730;
				ORGANIZATIONNAME = "Esteban Gabriel Arrua Garcia";
				TargetAttributes = {
					A7DC14271CCD6ADA00FF273B = {
						CreatedOnToolsVersion = 7.3;
					};
				};
			};
			buildConfigurationList = A7DC14231CCD6ADA00FF273B /* Build configuration list for PBXProject "OpenLibrarySearch" */;
			compatibilityVersion = "Xcode 3.2";
			developmentRegion = English;
			hasScannedForEncodings = 0;
			knownRegions = (
				en,
				Base,
			);
			mainGroup = A7DC141F1CCD6ADA00FF273B;
			productRefGroup = A7DC14291CCD6ADA00FF273B /* Products */;
			projectDirPath = "";
			projectRoot = "";
			targets = (
				A7DC14271CCD6ADA00FF273B /* OpenLibrarySearch */,
			);
		};
/* End PBXProject section */

/* Begin PBXResourcesBuildPhase section */
		A7DC14261CCD6ADA00FF273B /* Resources */ = {
			isa = PBXResourcesBuildPhase;
			buildActionMask = 2147483647;
			files = (
				A7DC14361CCD6ADA00FF273B /* LaunchScreen.storyboard in Resources */,
				A7DC14331CCD6ADA00FF273B /* Assets.xcassets in Resources */,
				A7DC14311CCD6ADA00FF273B /* Main.storyboard in Resources */,
			);
			runOnlyForDeploymentPostprocessing = 0;
		};
/* End PBXResourcesBuildPhase section */

/* Begin PBXSourcesBuildPhase section */
		A7DC14241CCD6ADA00FF273B /* Sources */ = {
			isa = PBXSourcesBuildPhase;
			buildActionMask = 2147483647;
			files = (
				A7DC142E1CCD6ADA00FF273B /* ViewController.swift in Sources */,
				A7DC142C1CCD6ADA00FF273B /* AppDelegate.swift in Sources */,
			);
			runOnlyForDeploymentPostprocessing = 0;
		};
/* End PBXSourcesBuildPhase section */

/* Begin PBXVariantGroup section */
		A7DC142F1CCD6ADA00FF273B /* Main.storyboard */ = {
			isa = PBXVariantGroup;
			children = (
				A7DC14301CCD6ADA00FF273B /* Base */,
			);
			name = Main.storyboard;
			sourceTree = "<group>";
		};
		A7DC14341CCD6ADA00FF273B /* LaunchScreen.storyboard */ = {
			isa = PBXVariantGroup;
			children = (
				A7DC14351CCD6ADA00FF273B /* Base */,
			);
			name = LaunchScreen.storyboard;
			sourceTree = "<group>";
		};
/* End PBXVariantGroup section */

/* Begin XCBuildConfiguration section */
		A7DC14381CCD6ADA00FF273B /* Debug */ = {
			isa = XCBuildConfiguration;
			buildSettings = {
				ALWAYS_SEARCH_USER_PATHS = NO;
				CLANG_ANALYZER_NONNULL = YES;
				CLANG_CXX_LANGUAGE_STANDARD = "gnu++0x";
				CLANG_CXX_LIBRARY = "libc++";
				CLANG_ENABLE_MODULES = YES;
				CLANG_ENABLE_OBJC_ARC = YES;
				CLANG_WARN_BOOL_CONVERSION = YES;
				CLANG_WARN_CONSTANT_CONVERSION = YES;
				CLANG_WARN_DIRECT_OBJC_ISA_USAGE = YES_ERROR;
				CLANG_WARN_EMPTY_BODY = YES;
				CLANG_WARN_ENUM_CONVERSION = YES;
				CLANG_WARN_INT_CONVERSION = YES;
				CLANG_WARN_OBJC_ROOT_CLASS = YES_ERROR;
				CLANG_WARN_UNREACHABLE_CODE = YES;
				CLANG_WARN__DUPLICATE_METHOD_MATCH = YES;
				"CODE_SIGN_IDENTITY[sdk=iphoneos*]" = "iPhone Developer";
				COPY_PHASE_STRIP = NO;
				DEBUG_INFORMATION_FORMAT = dwarf;
				ENABLE_STRICT_OBJC_MSGSEND = YES;
				ENABLE_TESTABILITY = YES;
				GCC_C_LANGUAGE_STANDARD = gnu99;
				GCC_DYNAMIC_NO_PIC = NO;
				GCC_NO_COMMON_BLOCKS = YES;
				GCC_OPTIMIZATION_LEVEL = 0;
				GCC_PREPROCESSOR_DEFINITIONS = (
					"DEBUG=1",
					"$(inherited)",
				);
				GCC_WARN_64_TO_32_BIT_CONVERSION = YES;
				GCC_WARN_ABOUT_RETURN_TYPE = YES_ERROR;
				GCC_WARN_UNDECLARED_SELECTOR = YES;
				GCC_WARN_UNINITIALIZED_AUTOS = YES_AGGRESSIVE;
				GCC_WARN_UNUSED_FUNCTION = YES;
				GCC_WARN_UNUSED_VARIABLE = YES;
				IPHONEOS_DEPLOYMENT_TARGET = 9.3;
				MTL_ENABLE_DEBUG_INFO = YES;
				ONLY_ACTIVE_ARCH = YES;
				SDKROOT = iphoneos;
				SWIFT_OPTIMIZATION_LEVEL = "-Onone";
				TARGETED_DEVICE_FAMILY = "1,2";
			};
			name = Debug;
		};
		A7DC14391CCD6ADA00FF273B /* Release */ = {
			isa = XCBuildConfiguration;
			buildSettings = {
				ALWAYS_SEARCH_USER_PATHS = NO;
				CLANG_ANALYZER_NONNULL = YES;
				CLANG_CXX_LANGUAGE_STANDARD = "gnu++0x";
				CLANG_CXX_LIBRARY = "libc++";
				CLANG_ENABLE_MODULES = YES;
				CLANG_ENABLE_OBJC_ARC = YES;
				CLANG_WARN_BOOL_CONVERSION = YES;
				CLANG_WARN_CONSTANT_CONVERSION = YES;
				CLANG_WARN_DIRECT_OBJC_ISA_USAGE = YES_ERROR;
				CLANG_WARN_EMPTY_BODY = YES;
				CLANG_WARN_ENUM_CONVERSION = YES;
				CLANG_WARN_INT_CONVERSION = YES;
				CLANG_WARN_OBJC_ROOT_CLASS = YES_ERROR;
				CLANG_WARN_UNREACHABLE_CODE = YES;
				CLANG_WARN__DUPLICATE_METHOD_MATCH = YES;
				"CODE_SIGN_IDENTITY[sdk=iphoneos*]" = "iPhone Developer";
				COPY_PHASE_STRIP = NO;
				DEBUG_INFORMATION_FORMAT = "dwarf-with-dsym";
				ENABLE_NS_ASSERTIONS = NO;
				ENABLE_STRICT_OBJC_MSGSEND = YES;
				GCC_C_LANGUAGE_STANDARD = gnu99;
				GCC_NO_COMMON_BLOCKS = YES;
				GCC_WARN_64_TO_32_BIT_CONVERSION = YES;
				GCC_WARN_ABOUT_RETURN_TYPE = YES_ERROR;
				GCC_WARN_UNDECLARED_SELECTOR = YES;
				GCC_WARN_UNINITIALIZED_AUTOS = YES_AGGRESSIVE;
				GCC_WARN_UNUSED_FUNCTION = YES;
				GCC_WARN_UNUSED_VARIABLE = YES;
				IPHONEOS_DEPLOYMENT_TARGET = 9.3;
				MTL_ENABLE_DEBUG_INFO = NO;
				SDKROOT = iphoneos;
				TARGETED_DEVICE_FAMILY = "1,2";
				VALIDATE_PRODUCT = YES;
			};
			name = Release;
		};
		A7DC143B1CCD6ADA00FF273B /* Debug */ = {
			isa = XCBuildConfiguration;
			buildSettings = {
				ASSETCATALOG_COMPILER_APPICON_NAME = AppIcon;
				INFOPLIST_FILE = OpenLibrarySearch/Info.plist;
				LD_RUNPATH_SEARCH_PATHS = "$(inherited) @executable_path/Frameworks";
				PRODUCT_BUNDLE_IDENTIFIER = esteban.OpenLibrarySearch;
				PRODUCT_NAME = "$(TARGET_NAME)";
			};
			name = Debug;
		};
		A7DC143C1CCD6ADA00FF273B /* Release */ = {
			isa = XCBuildConfiguration;
			buildSettings = {
				ASSETCATALOG_COMPILER_APPICON_NAME = AppIcon;
				INFOPLIST_FILE = OpenLibrarySearch/Info.plist;
				LD_RUNPATH_SEARCH_PATHS = "$(inherited) @executable_path/Frameworks";
				PRODUCT_BUNDLE_IDENTIFIER = esteban.OpenLibrarySearch;
				PRODUCT_NAME = "$(TARGET_NAME)";
			};
			name = Release;
		};
/* End XCBuildConfiguration section */

/* Begin XCConfigurationList section */
		A7DC14231CCD6ADA00FF273B /* Build configuration list for PBXProject "OpenLibrarySearch" */ = {
			isa = XCConfigurationList;
			buildConfigurations = (
				A7DC14381CCD6ADA00FF273B /* Debug */,
				A7DC14391CCD6ADA00FF273B /* Release */,
			);
			defaultConfigurationIsVisible = 0;
			defaultConfigurationName = Release;
		};
		A7DC143A1CCD6ADA00FF273B /* Build configuration list for PBXNativeTarget "OpenLibrarySearch" */ = {
			isa = XCConfigurationList;
			buildConfigurations = (
				A7DC143B1CCD6ADA00FF273B /* Debug */,
				A7DC143C1CCD6ADA00FF273B /* Release */,
			);
			defaultConfigurationIsVisible = 0;
		};
/* End XCConfigurationList section */
	};
	rootObject = A7DC14201CCD6ADA00FF273B /* Project object */;
}
